
Microsoft Visual Studio Solution File, Format Version 12.00
# Visual Studio 15
VisualStudioVersion = 15.0.28307.1525
MinimumVisualStudioVersion = 10.0.40219.1
Project("{FAE04EC0-301F-11D3-BF4B-00C04F79EFBC}") = "superMarket_V2", "superMarket_V2\superMarket_V2.csproj", "{6BC111B5-9CF4-4808-B176-70786FE6BA0E}"
EndProject
Global
	GlobalSection(SolutionConfigurationPlatforms) = preSolution
		Debug|Any CPU = Debug|Any CPU
		Release|Any CPU = Release|Any CPU
	EndGlobalSection
	GlobalSection(ProjectConfigurationPlatforms) = postSolution
		{6BC111B5-9CF4-4808-B176-70786FE6BA0E}.Debug|Any CPU.ActiveCfg = Debug|Any CPU
		{6BC111B5-9CF4-4808-B176-70786FE6BA0E}.Debug|Any CPU.Build.0 = Debug|Any CPU
		{6BC111B5-9CF4-4808-B176-70786FE6BA0E}.Release|Any CPU.ActiveCfg = Release|Any CPU
		{6BC111B5-9CF4-4808-B176-70786FE6BA0E}.Release|Any CPU.Build.0 = Release|Any CPU
	EndGlobalSection
	GlobalSection(SolutionProperties) = preSolution
		HideSolutionNode = FALSE
	EndGlobalSection
	GlobalSection(ExtensibilityGlobals) = postSolution
		SolutionGuid = {925BDB2A-3223-4088-839C-CD332C944981}
	EndGlobalSection
EndGlobal
